
Microsoft Visual Studio Solution File, Format Version 12.00
# Visual Studio Version 16
VisualStudioVersion = 16.0.32428.217
MinimumVisualStudioVersion = 10.0.40219.1
Project("{FAE04EC0-301F-11D3-BF4B-00C04F79EFBC}") = "Complaint Management System", "Complaint Management System.csproj", "{F6002432-2A7F-4178-9A7D-937767BE45CB}"
EndProject
Global
	GlobalSection(SolutionConfigurationPlatforms) = preSolution
		Debug|Any CPU = Debug|Any CPU
		Release|Any CPU = Release|Any CPU
	EndGlobalSection
	GlobalSection(ProjectConfigurationPlatforms) = postSolution
		{F6002432-2A7F-4178-9A7D-937767BE45CB}.Debug|Any CPU.ActiveCfg = Debug|Any CPU
		{F6002432-2A7F-4178-9A7D-937767BE45CB}.Debug|Any CPU.Build.0 = Debug|Any CPU
		{F6002432-2A7F-4178-9A7D-937767BE45CB}.Release|Any CPU.ActiveCfg = Release|Any CPU
		{F6002432-2A7F-4178-9A7D-937767BE45CB}.Release|Any CPU.Build.0 = Release|Any CPU
	EndGlobalSection
	GlobalSection(SolutionProperties) = preSolution
		HideSolutionNode = FALSE
	EndGlobalSection
	GlobalSection(ExtensibilityGlobals) = postSolution
		SolutionGuid = {C16D5564-D645-491F-9FC7-95ADBFF1E477}
	EndGlobalSection
EndGlobal
